
Microsoft Visual Studio Solution File, Format Version 12.00
# Visual Studio Version 16
VisualStudioVersion = 16.0.31515.178
MinimumVisualStudioVersion = 10.0.40219.1
Project("{9A19103F-16F7-4668-BE54-9A1E7A4F7556}") = "GAMigrationTool", "GAMigrationTool\GAMigrationTool.csproj", "{4E552D4D-7CF6-4352-83FE-C1E0DF7A46F0}"
EndProject
Global
	GlobalSection(SolutionConfigurationPlatforms) = preSolution
		Debug|Any CPU = Debug|Any CPU
		Release|Any CPU = Release|Any CPU
	EndGlobalSection
	GlobalSection(ProjectConfigurationPlatforms) = postSolution
		{4E552D4D-7CF6-4352-83FE-C1E0DF7A46F0}.Debug|Any CPU.ActiveCfg = Debug|Any CPU
		{4E552D4D-7CF6-4352-83FE-C1E0DF7A46F0}.Debug|Any CPU.Build.0 = Debug|Any CPU
		{4E552D4D-7CF6-4352-83FE-C1E0DF7A46F0}.Release|Any CPU.ActiveCfg = Release|Any CPU
		{4E552D4D-7CF6-4352-83FE-C1E0DF7A46F0}.Release|Any CPU.Build.0 = Release|Any CPU
	EndGlobalSection
	GlobalSection(SolutionProperties) = preSolution
		HideSolutionNode = FALSE
	EndGlobalSection
	GlobalSection(ExtensibilityGlobals) = postSolution
		SolutionGuid = {48AA8E66-6B32-4EFA-9D7D-60DD3BFD2C99}
	EndGlobalSection
EndGlobal
